
Microsoft Visual Studio Solution File, Format Version 12.00
# Visual Studio Version 16
VisualStudioVersion = 16.0.30709.132
MinimumVisualStudioVersion = 10.0.40219.1
Project("{FAE04EC0-301F-11D3-BF4B-00C04F79EFBC}") = "SortingHatQuiz", "SortingHatQuiz\SortingHatQuiz.csproj", "{717F8B9A-3AE5-47F2-A9D9-89B3406A5AD8}"
EndProject
Global
	GlobalSection(SolutionConfigurationPlatforms) = preSolution
		Debug|Any CPU = Debug|Any CPU
		Release|Any CPU = Release|Any CPU
	EndGlobalSection
	GlobalSection(ProjectConfigurationPlatforms) = postSolution
		{717F8B9A-3AE5-47F2-A9D9-89B3406A5AD8}.Debug|Any CPU.ActiveCfg = Debug|Any CPU
		{717F8B9A-3AE5-47F2-A9D9-89B3406A5AD8}.Debug|Any CPU.Build.0 = Debug|Any CPU
		{717F8B9A-3AE5-47F2-A9D9-89B3406A5AD8}.Release|Any CPU.ActiveCfg = Release|Any CPU
		{717F8B9A-3AE5-47F2-A9D9-89B3406A5AD8}.Release|Any CPU.Build.0 = Release|Any CPU
	EndGlobalSection
	GlobalSection(SolutionProperties) = preSolution
		HideSolutionNode = FALSE
	EndGlobalSection
	GlobalSection(ExtensibilityGlobals) = postSolution
		SolutionGuid = {16CE8147-0F24-42BE-BF58-73D191F68007}
	EndGlobalSection
EndGlobal
